
Microsoft Visual Studio Solution File, Format Version 12.00
# Visual Studio 2013
VisualStudioVersion = 12.0.21005.1
MinimumVisualStudioVersion = 10.0.40219.1
Project("{FAE04EC0-301F-11D3-BF4B-00C04F79EFBC}") = "PzGame", "PzGame\PzGame.csproj", "{C8552611-EB58-4655-BBEA-806AE8A2E4CE}"
EndProject
Project("{FAE04EC0-301F-11D3-BF4B-00C04F79EFBC}") = "WindowsFormsTestFileDll", "..\WindowsFormsTestFileDll\WindowsFormsTestFileDll\WindowsFormsTestFileDll.csproj", "{EA1630F4-FFDC-4542-90DA-FA14866AEB7D}"
EndProject
Global
	GlobalSection(SolutionConfigurationPlatforms) = preSolution
		Debug|Any CPU = Debug|Any CPU
		Release|Any CPU = Release|Any CPU
	EndGlobalSection
	GlobalSection(ProjectConfigurationPlatforms) = postSolution
		{C8552611-EB58-4655-BBEA-806AE8A2E4CE}.Debug|Any CPU.ActiveCfg = Debug|Any CPU
		{C8552611-EB58-4655-BBEA-806AE8A2E4CE}.Debug|Any CPU.Build.0 = Debug|Any CPU
		{C8552611-EB58-4655-BBEA-806AE8A2E4CE}.Release|Any CPU.ActiveCfg = Release|Any CPU
		{C8552611-EB58-4655-BBEA-806AE8A2E4CE}.Release|Any CPU.Build.0 = Release|Any CPU
		{EA1630F4-FFDC-4542-90DA-FA14866AEB7D}.Debug|Any CPU.ActiveCfg = Debug|Any CPU
		{EA1630F4-FFDC-4542-90DA-FA14866AEB7D}.Debug|Any CPU.Build.0 = Debug|Any CPU
		{EA1630F4-FFDC-4542-90DA-FA14866AEB7D}.Release|Any CPU.ActiveCfg = Release|Any CPU
		{EA1630F4-FFDC-4542-90DA-FA14866AEB7D}.Release|Any CPU.Build.0 = Release|Any CPU
	EndGlobalSection
	GlobalSection(SolutionProperties) = preSolution
		HideSolutionNode = FALSE
	EndGlobalSection
EndGlobal
