
Microsoft Visual Studio Solution File, Format Version 12.00
# Visual Studio 2013
VisualStudioVersion = 12.0.21005.1
MinimumVisualStudioVersion = 10.0.40219.1
Project("{FAE04EC0-301F-11D3-BF4B-00C04F79EFBC}") = "Mr_X", "Mr_X\Mr_X.csproj", "{513A1BCA-FAF9-43D7-B9C0-965434C56163}"
EndProject
Project("{FAE04EC0-301F-11D3-BF4B-00C04F79EFBC}") = "FndNum", "FndNum\FndNum.csproj", "{6F89F2D0-F24C-40D1-81BC-180F2217FCB5}"
EndProject
Project("{FAE04EC0-301F-11D3-BF4B-00C04F79EFBC}") = "RemMe", "RemMe\RemMe.csproj", "{227283AB-DAC8-41BE-8E33-0A040DDB1562}"
EndProject
Project("{FAE04EC0-301F-11D3-BF4B-00C04F79EFBC}") = "FndSaCell", "FndSaCell\FndSaCell.csproj", "{EA9739AE-4EB0-4133-8D30-CF5A04BCC6DA}"
EndProject
Project("{FAE04EC0-301F-11D3-BF4B-00C04F79EFBC}") = "CalExpression", "CalExpression\CalExpression\CalExpression.csproj", "{F045C065-BF0A-4DA2-8C34-2778961FF12A}"
EndProject
Project("{FAE04EC0-301F-11D3-BF4B-00C04F79EFBC}") = "FstCal", "FstCal\FstCal.csproj", "{409FC21F-1256-41B9-B418-82CAF907810F}"
EndProject
Project("{FAE04EC0-301F-11D3-BF4B-00C04F79EFBC}") = "CatTheWo", "CatTheWo\CatTheWo.csproj", "{F2F590B7-B2CB-4E86-961A-357E410C4A89}"
EndProject
Global
	GlobalSection(SolutionConfigurationPlatforms) = preSolution
		Debug|Any CPU = Debug|Any CPU
		Release|Any CPU = Release|Any CPU
	EndGlobalSection
	GlobalSection(ProjectConfigurationPlatforms) = postSolution
		{513A1BCA-FAF9-43D7-B9C0-965434C56163}.Debug|Any CPU.ActiveCfg = Debug|Any CPU
		{513A1BCA-FAF9-43D7-B9C0-965434C56163}.Debug|Any CPU.Build.0 = Debug|Any CPU
		{513A1BCA-FAF9-43D7-B9C0-965434C56163}.Release|Any CPU.ActiveCfg = Release|Any CPU
		{513A1BCA-FAF9-43D7-B9C0-965434C56163}.Release|Any CPU.Build.0 = Release|Any CPU
		{6F89F2D0-F24C-40D1-81BC-180F2217FCB5}.Debug|Any CPU.ActiveCfg = Debug|Any CPU
		{6F89F2D0-F24C-40D1-81BC-180F2217FCB5}.Debug|Any CPU.Build.0 = Debug|Any CPU
		{6F89F2D0-F24C-40D1-81BC-180F2217FCB5}.Release|Any CPU.ActiveCfg = Release|Any CPU
		{6F89F2D0-F24C-40D1-81BC-180F2217FCB5}.Release|Any CPU.Build.0 = Release|Any CPU
		{227283AB-DAC8-41BE-8E33-0A040DDB1562}.Debug|Any CPU.ActiveCfg = Debug|Any CPU
		{227283AB-DAC8-41BE-8E33-0A040DDB1562}.Debug|Any CPU.Build.0 = Debug|Any CPU
		{227283AB-DAC8-41BE-8E33-0A040DDB1562}.Release|Any CPU.ActiveCfg = Release|Any CPU
		{227283AB-DAC8-41BE-8E33-0A040DDB1562}.Release|Any CPU.Build.0 = Release|Any CPU
		{EA9739AE-4EB0-4133-8D30-CF5A04BCC6DA}.Debug|Any CPU.ActiveCfg = Debug|Any CPU
		{EA9739AE-4EB0-4133-8D30-CF5A04BCC6DA}.Debug|Any CPU.Build.0 = Debug|Any CPU
		{EA9739AE-4EB0-4133-8D30-CF5A04BCC6DA}.Release|Any CPU.ActiveCfg = Release|Any CPU
		{EA9739AE-4EB0-4133-8D30-CF5A04BCC6DA}.Release|Any CPU.Build.0 = Release|Any CPU
		{F045C065-BF0A-4DA2-8C34-2778961FF12A}.Debug|Any CPU.ActiveCfg = Debug|Any CPU
		{F045C065-BF0A-4DA2-8C34-2778961FF12A}.Debug|Any CPU.Build.0 = Debug|Any CPU
		{F045C065-BF0A-4DA2-8C34-2778961FF12A}.Release|Any CPU.ActiveCfg = Release|Any CPU
		{F045C065-BF0A-4DA2-8C34-2778961FF12A}.Release|Any CPU.Build.0 = Release|Any CPU
		{409FC21F-1256-41B9-B418-82CAF907810F}.Debug|Any CPU.ActiveCfg = Debug|Any CPU
		{409FC21F-1256-41B9-B418-82CAF907810F}.Debug|Any CPU.Build.0 = Debug|Any CPU
		{409FC21F-1256-41B9-B418-82CAF907810F}.Release|Any CPU.ActiveCfg = Release|Any CPU
		{409FC21F-1256-41B9-B418-82CAF907810F}.Release|Any CPU.Build.0 = Release|Any CPU
		{F2F590B7-B2CB-4E86-961A-357E410C4A89}.Debug|Any CPU.ActiveCfg = Debug|Any CPU
		{F2F590B7-B2CB-4E86-961A-357E410C4A89}.Debug|Any CPU.Build.0 = Debug|Any CPU
		{F2F590B7-B2CB-4E86-961A-357E410C4A89}.Release|Any CPU.ActiveCfg = Release|Any CPU
		{F2F590B7-B2CB-4E86-961A-357E410C4A89}.Release|Any CPU.Build.0 = Release|Any CPU
	EndGlobalSection
	GlobalSection(SolutionProperties) = preSolution
		HideSolutionNode = FALSE
	EndGlobalSection
EndGlobal
